// !$*UTF8*$!
{
	archiveVersion = 1;
	classes = {
	};
	objectVersion = 55;
	objects = {

/* Begin PBXBuildFile section */
		8415A111284013D2008D1863 /* SignUpViewController.swift in Sources */ = {isa = PBXBuildFile; fileRef = 8415A110284013D2008D1863 /* SignUpViewController.swift */; };
		8415A1132840141E008D1863 /* NotesViewController.swift in Sources */ = {isa = PBXBuildFile; fileRef = 8415A1122840141E008D1863 /* NotesViewController.swift */; };
		8415A11528401430008D1863 /* SearchViewController.swift in Sources */ = {isa = PBXBuildFile; fileRef = 8415A11428401430008D1863 /* SearchViewController.swift */; };
		8428DB77284AAF6F007F8758 /* SearchStartViewController.swift in Sources */ = {isa = PBXBuildFile; fileRef = 8428DB76284AAF6F007F8758 /* SearchStartViewController.swift */; };
		84300EAF283ED68000748D9E /* AppDelegate.swift in Sources */ = {isa = PBXBuildFile; fileRef = 84300EAE283ED68000748D9E /* AppDelegate.swift */; };
		84300EB1283ED68000748D9E /* SceneDelegate.swift in Sources */ = {isa = PBXBuildFile; fileRef = 84300EB0283ED68000748D9E /* SceneDelegate.swift */; };
		84300EB3283ED68000748D9E /* ViewController.swift in Sources */ = {isa = PBXBuildFile; fileRef = 84300EB2283ED68000748D9E /* ViewController.swift */; };
		84300EB6283ED68000748D9E /* Main.storyboard in Resources */ = {isa = PBXBuildFile; fileRef = 84300EB4283ED68000748D9E /* Main.storyboard */; };
		84300EB9283ED68000748D9E /* FunZone.xcdatamodeld in Sources */ = {isa = PBXBuildFile; fileRef = 84300EB7283ED68000748D9E /* FunZone.xcdatamodeld */; };
		84300EBB283ED68200748D9E /* Assets.xcassets in Resources */ = {isa = PBXBuildFile; fileRef = 84300EBA283ED68200748D9E /* Assets.xcassets */; };
		84300EBE283ED68200748D9E /* LaunchScreen.storyboard in Resources */ = {isa = PBXBuildFile; fileRef = 84300EBC283ED68200748D9E /* LaunchScreen.storyboard */; };
		845058822847AC000011A5E0 /* DBhelperUsers.swift in Sources */ = {isa = PBXBuildFile; fileRef = 845058812847AC000011A5E0 /* DBhelperUsers.swift */; };
		8452B69F284813A70049A9E8 /* OpenedBookViewController.swift in Sources */ = {isa = PBXBuildFile; fileRef = 8452B69E284813A70049A9E8 /* OpenedBookViewController.swift */; };
		8452B6A3284815F40049A9E8 /* Xcode Overview.pdf in Resources */ = {isa = PBXBuildFile; fileRef = 8452B6A2284815F40049A9E8 /* Xcode Overview.pdf */; };
		8474BE932846D57100B2A930 /* Note+CoreDataClass.swift in Sources */ = {isa = PBXBuildFile; fileRef = 8474BE8F2846D57100B2A930 /* Note+CoreDataClass.swift */; };
		8474BE942846D57100B2A930 /* Note+CoreDataProperties.swift in Sources */ = {isa = PBXBuildFile; fileRef = 8474BE902846D57100B2A930 /* Note+CoreDataProperties.swift */; };
		8474BE952846D57100B2A930 /* Users+CoreDataClass.swift in Sources */ = {isa = PBXBuildFile; fileRef = 8474BE912846D57100B2A930 /* Users+CoreDataClass.swift */; };
		8474BE962846D57100B2A930 /* Users+CoreDataProperties.swift in Sources */ = {isa = PBXBuildFile; fileRef = 8474BE922846D57100B2A930 /* Users+CoreDataProperties.swift */; };
		8474BE982846D5C900B2A930 /* DBHelperNotes.swift in Sources */ = {isa = PBXBuildFile; fileRef = 8474BE972846D5C900B2A930 /* DBHelperNotes.swift */; };
		848E06C2284832530090F7C3 /* Initialization.pdf in Resources */ = {isa = PBXBuildFile; fileRef = 848E06B3284832520090F7C3 /* Initialization.pdf */; };
		848E06C3284832530090F7C3 /* Nested Types.pdf in Resources */ = {isa = PBXBuildFile; fileRef = 848E06B4284832520090F7C3 /* Nested Types.pdf */; };
		848E06C4284832530090F7C3 /* Control Flow.pdf in Resources */ = {isa = PBXBuildFile; fileRef = 848E06B5284832520090F7C3 /* Control Flow.pdf */; };
		848E06C5284832530090F7C3 /* Optional Chaining.pdf in Resources */ = {isa = PBXBuildFile; fileRef = 848E06B6284832520090F7C3 /* Optional Chaining.pdf */; };
		848E06C6284832530090F7C3 /* Functions.pdf in Resources */ = {isa = PBXBuildFile; fileRef = 848E06B7284832520090F7C3 /* Functions.pdf */; };
		848E06C7284832530090F7C3 /* Enumerations.pdf in Resources */ = {isa = PBXBuildFile; fileRef = 848E06B8284832520090F7C3 /* Enumerations.pdf */; };
		848E06C8284832530090F7C3 /* Methods.pdf in Resources */ = {isa = PBXBuildFile; fileRef = 848E06B9284832520090F7C3 /* Methods.pdf */; };
		848E06C9284832530090F7C3 /* Structures and Classes.pdf in Resources */ = {isa = PBXBuildFile; fileRef = 848E06BA284832520090F7C3 /* Structures and Classes.pdf */; };
		848E06CA284832530090F7C3 /* Extensions.pdf in Resources */ = {isa = PBXBuildFile; fileRef = 848E06BB284832520090F7C3 /* Extensions.pdf */; };
		848E06CB284832530090F7C3 /* Closures.pdf in Resources */ = {isa = PBXBuildFile; fileRef = 848E06BC284832520090F7C3 /* Closures.pdf */; };
		848E06CC284832530090F7C3 /* Inheritance.pdf in Resources */ = {isa = PBXBuildFile; fileRef = 848E06BD284832520090F7C3 /* Inheritance.pdf */; };
		848E06CD284832530090F7C3 /* Properties.pdf in Resources */ = {isa = PBXBuildFile; fileRef = 848E06BE284832530090F7C3 /* Properties.pdf */; };
		848E06CE284832530090F7C3 /* Basic Operators.pdf in Resources */ = {isa = PBXBuildFile; fileRef = 848E06BF284832530090F7C3 /* Basic Operators.pdf */; };
		848E06CF284832530090F7C3 /* Error Handling.pdf in Resources */ = {isa = PBXBuildFile; fileRef = 848E06C0284832530090F7C3 /* Error Handling.pdf */; };
		848E06D0284832530090F7C3 /* Collection Types.pdf in Resources */ = {isa = PBXBuildFile; fileRef = 848E06C1284832530090F7C3 /* Collection Types.pdf */; };
		848E06E0284832670090F7C3 /* bensound-longroad.mp3 in Resources */ = {isa = PBXBuildFile; fileRef = 848E06D1284832670090F7C3 /* bensound-longroad.mp3 */; };
		848E06E1284832670090F7C3 /* bensound-worldonfire.mp3 in Resources */ = {isa = PBXBuildFile; fileRef = 848E06D2284832670090F7C3 /* bensound-worldonfire.mp3 */; };
		848E06E2284832670090F7C3 /* bensound-allthewayup.mp3 in Resources */ = {isa = PBXBuildFile; fileRef = 848E06D3284832670090F7C3 /* bensound-allthewayup.mp3 */; };
		848E06E3284832680090F7C3 /* bensound-autoreverse.mp3 in Resources */ = {isa = PBXBuildFile; fileRef = 848E06D4284832670090F7C3 /* bensound-autoreverse.mp3 */; };
		848E06E4284832680090F7C3 /* bensound-dontlookbehind.mp3 in Resources */ = {isa = PBXBuildFile; fileRef = 848E06D5284832670090F7C3 /* bensound-dontlookbehind.mp3 */; };
		848E06E5284832680090F7C3 /* bensound-takingcare.mp3 in Resources */ = {isa = PBXBuildFile; fileRef = 848E06D6284832670090F7C3 /* bensound-takingcare.mp3 */; };
		848E06E6284832680090F7C3 /* bensound-funkhouse.mp3 in Resources */ = {isa = PBXBuildFile; fileRef = 848E06D7284832670090F7C3 /* bensound-funkhouse.mp3 */; };
		848E06E7284832680090F7C3 /* bensound-lifeiswonderful.mp3 in Resources */ = {isa = PBXBuildFile; fileRef = 848E06D8284832670090F7C3 /* bensound-lifeiswonderful.mp3 */; };
		848E06E8284832680090F7C3 /* bensound-gravity.mp3 in Resources */ = {isa = PBXBuildFile; fileRef = 848E06D9284832670090F7C3 /* bensound-gravity.mp3 */; };
		848E06E9284832680090F7C3 /* bensound-awaken.mp3 in Resources */ = {isa = PBXBuildFile; fileRef = 848E06DA284832670090F7C3 /* bensound-awaken.mp3 */; };
		848E06EA284832680090F7C3 /* bensound-wonderfulworld.mp3 in Resources */ = {isa = PBXBuildFile; fileRef = 848E06DB284832670090F7C3 /* bensound-wonderfulworld.mp3 */; };
		848E06EB284832680090F7C3 /* bensound-brave.mp3 in Resources */ = {isa = PBXBuildFile; fileRef = 848E06DC284832670090F7C3 /* bensound-brave.mp3 */; };
		848E06EC284832680090F7C3 /* bensound-afterlight.mp3 in Resources */ = {isa = PBXBuildFile; fileRef = 848E06DD284832670090F7C3 /* bensound-afterlight.mp3 */; };
		848E06ED284832680090F7C3 /* bensound-floating.mp3 in Resources */ = {isa = PBXBuildFile; fileRef = 848E06DE284832670090F7C3 /* bensound-floating.mp3 */; };
		848E06EE284832680090F7C3 /* bensound-dontforget.mp3 in Resources */ = {isa = PBXBuildFile; fileRef = 848E06DF284832670090F7C3 /* bensound-dontforget.mp3 */; };
		848E06F0284841EE0090F7C3 /* MusicPlayerViewController.swift in Sources */ = {isa = PBXBuildFile; fileRef = 848E06EF284841EE0090F7C3 /* MusicPlayerViewController.swift */; };
		84BB8052284014EF0097A90E /* BooksViewController.swift in Sources */ = {isa = PBXBuildFile; fileRef = 84BB8051284014EF0097A90E /* BooksViewController.swift */; };
		84BB8054284015BB0097A90E /* MusicTableViewCell.swift in Sources */ = {isa = PBXBuildFile; fileRef = 84BB8053284015BB0097A90E /* MusicTableViewCell.swift */; };
		84BB8056284015E40097A90E /* MusicViewController.swift in Sources */ = {isa = PBXBuildFile; fileRef = 84BB8055284015E40097A90E /* MusicViewController.swift */; };
		84BB8058284016200097A90E /* BooksCollectionViewCell.swift in Sources */ = {isa = PBXBuildFile; fileRef = 84BB8057284016200097A90E /* BooksCollectionViewCell.swift */; };
		84BB805A284018BB0097A90E /* LoginViewController.swift in Sources */ = {isa = PBXBuildFile; fileRef = 84BB8059284018BB0097A90E /* LoginViewController.swift */; };
		84CEA85F28428E230078DCB1 /* NewNoteViewController.swift in Sources */ = {isa = PBXBuildFile; fileRef = 84CEA85E28428E230078DCB1 /* NewNoteViewController.swift */; };
		84CEA861284294A50078DCB1 /* NoteCollectionViewCell.swift in Sources */ = {isa = PBXBuildFile; fileRef = 84CEA860284294A50078DCB1 /* NoteCollectionViewCell.swift */; };
/* End PBXBuildFile section */

/* Begin PBXFileReference section */
		8415A110284013D2008D1863 /* SignUpViewController.swift */ = {isa = PBXFileReference; lastKnownFileType = sourcecode.swift; path = SignUpViewController.swift; sourceTree = "<group>"; };
		8415A1122840141E008D1863 /* NotesViewController.swift */ = {isa = PBXFileReference; lastKnownFileType = sourcecode.swift; path = NotesViewController.swift; sourceTree = "<group>"; };
		8415A11428401430008D1863 /* SearchViewController.swift */ = {isa = PBXFileReference; lastKnownFileType = sourcecode.swift; path = SearchViewController.swift; sourceTree = "<group>"; };
		8428DB76284AAF6F007F8758 /* SearchStartViewController.swift */ = {isa = PBXFileReference; lastKnownFileType = sourcecode.swift; path = SearchStartViewController.swift; sourceTree = "<group>"; };
		84300EAB283ED68000748D9E /* FunZone.app */ = {isa = PBXFileReference; explicitFileType = wrapper.application; includeInIndex = 0; path = FunZone.app; sourceTree = BUILT_PRODUCTS_DIR; };
		84300EAE283ED68000748D9E /* AppDelegate.swift */ = {isa = PBXFileReference; lastKnownFileType = sourcecode.swift; path = AppDelegate.swift; sourceTree = "<group>"; };
		84300EB0283ED68000748D9E /* SceneDelegate.swift */ = {isa = PBXFileReference; lastKnownFileType = sourcecode.swift; path = SceneDelegate.swift; sourceTree = "<group>"; };
		84300EB2283ED68000748D9E /* ViewController.swift */ = {isa = PBXFileReference; lastKnownFileType = sourcecode.swift; path = ViewController.swift; sourceTree = "<group>"; };
		84300EB5283ED68000748D9E /* Base */ = {isa = PBXFileReference; lastKnownFileType = file.storyboard; name = Base; path = Base.lproj/Main.storyboard; sourceTree = "<group>"; };
		84300EB8283ED68000748D9E /* FunZone.xcdatamodel */ = {isa = PBXFileReference; lastKnownFileType = wrapper.xcdatamodel; path = FunZone.xcdatamodel; sourceTree = "<group>"; };
		84300EBA283ED68200748D9E /* Assets.xcassets */ = {isa = PBXFileReference; lastKnownFileType = folder.assetcatalog; path = Assets.xcassets; sourceTree = "<group>"; };
		84300EBD283ED68200748D9E /* Base */ = {isa = PBXFileReference; lastKnownFileType = file.storyboard; name = Base; path = Base.lproj/LaunchScreen.storyboard; sourceTree = "<group>"; };
		84300EBF283ED68200748D9E /* Info.plist */ = {isa = PBXFileReference; lastKnownFileType = text.plist.xml; path = Info.plist; sourceTree = "<group>"; };
		845058812847AC000011A5E0 /* DBhelperUsers.swift */ = {isa = PBXFileReference; lastKnownFileType = sourcecode.swift; path = DBhelperUsers.swift; sourceTree = "<group>"; };
		8452B69E284813A70049A9E8 /* OpenedBookViewController.swift */ = {isa = PBXFileReference; lastKnownFileType = sourcecode.swift; path = OpenedBookViewController.swift; sourceTree = "<group>"; };
		8452B6A2284815F40049A9E8 /* Xcode Overview.pdf */ = {isa = PBXFileReference; lastKnownFileType = image.pdf; name = "Xcode Overview.pdf"; path = "../../../../../Xcode Overview.pdf"; sourceTree = "<group>"; };
		8474BE8F2846D57100B2A930 /* Note+CoreDataClass.swift */ = {isa = PBXFileReference; lastKnownFileType = sourcecode.swift; path = "Note+CoreDataClass.swift"; sourceTree = "<group>"; };
		8474BE902846D57100B2A930 /* Note+CoreDataProperties.swift */ = {isa = PBXFileReference; lastKnownFileType = sourcecode.swift; path = "Note+CoreDataProperties.swift"; sourceTree = "<group>"; };
		8474BE912846D57100B2A930 /* Users+CoreDataClass.swift */ = {isa = PBXFileReference; lastKnownFileType = sourcecode.swift; path = "Users+CoreDataClass.swift"; sourceTree = "<group>"; };
		8474BE922846D57100B2A930 /* Users+CoreDataProperties.swift */ = {isa = PBXFileReference; lastKnownFileType = sourcecode.swift; path = "Users+CoreDataProperties.swift"; sourceTree = "<group>"; };
		8474BE972846D5C900B2A930 /* DBHelperNotes.swift */ = {isa = PBXFileReference; lastKnownFileType = sourcecode.swift; path = DBHelperNotes.swift; sourceTree = "<group>"; };
		848E06B3284832520090F7C3 /* Initialization.pdf */ = {isa = PBXFileReference; lastKnownFileType = image.pdf; name = Initialization.pdf; path = "../../../../../funzone books/Initialization.pdf"; sourceTree = "<group>"; };
		848E06B4284832520090F7C3 /* Nested Types.pdf */ = {isa = PBXFileReference; lastKnownFileType = image.pdf; name = "Nested Types.pdf"; path = "../../../../../funzone books/Nested Types.pdf"; sourceTree = "<group>"; };
		848E06B5284832520090F7C3 /* Control Flow.pdf */ = {isa = PBXFileReference; lastKnownFileType = image.pdf; name = "Control Flow.pdf"; path = "../../../../../funzone books/Control Flow.pdf"; sourceTree = "<group>"; };
		848E06B6284832520090F7C3 /* Optional Chaining.pdf */ = {isa = PBXFileReference; lastKnownFileType = image.pdf; name = "Optional Chaining.pdf"; path = "../../../../../funzone books/Optional Chaining.pdf"; sourceTree = "<group>"; };
		848E06B7284832520090F7C3 /* Functions.pdf */ = {isa = PBXFileReference; lastKnownFileType = image.pdf; name = Functions.pdf; path = "../../../../../funzone books/Functions.pdf"; sourceTree = "<group>"; };
		848E06B8284832520090F7C3 /* Enumerations.pdf */ = {isa = PBXFileReference; lastKnownFileType = image.pdf; name = Enumerations.pdf; path = "../../../../../funzone books/Enumerations.pdf"; sourceTree = "<group>"; };
		848E06B9284832520090F7C3 /* Methods.pdf */ = {isa = PBXFileReference; lastKnownFileType = image.pdf; name = Methods.pdf; path = "../../../../../funzone books/Methods.pdf"; sourceTree = "<group>"; };
		848E06BA284832520090F7C3 /* Structures and Classes.pdf */ = {isa = PBXFileReference; lastKnownFileType = image.pdf; name = "Structures and Classes.pdf"; path = "../../../../../funzone books/Structures and Classes.pdf"; sourceTree = "<group>"; };
		848E06BB284832520090F7C3 /* Extensions.pdf */ = {isa = PBXFileReference; lastKnownFileType = image.pdf; name = Extensions.pdf; path = "../../../../../funzone books/Extensions.pdf"; sourceTree = "<group>"; };
		848E06BC284832520090F7C3 /* Closures.pdf */ = {isa = PBXFileReference; lastKnownFileType = image.pdf; name = Closures.pdf; path = "../../../../../funzone books/Closures.pdf"; sourceTree = "<group>"; };
		848E06BD284832520090F7C3 /* Inheritance.pdf */ = {isa = PBXFileReference; lastKnownFileType = image.pdf; name = Inheritance.pdf; path = "../../../../../funzone books/Inheritance.pdf"; sourceTree = "<group>"; };
		848E06BE284832530090F7C3 /* Properties.pdf */ = {isa = PBXFileReference; lastKnownFileType = image.pdf; name = Properties.pdf; path = "../../../../../funzone books/Properties.pdf"; sourceTree = "<group>"; };
		848E06BF284832530090F7C3 /* Basic Operators.pdf */ = {isa = PBXFileReference; lastKnownFileType = image.pdf; name = "Basic Operators.pdf"; path = "../../../../../funzone books/Basic Operators.pdf"; sourceTree = "<group>"; };
		848E06C0284832530090F7C3 /* Error Handling.pdf */ = {isa = PBXFileReference; lastKnownFileType = image.pdf; name = "Error Handling.pdf"; path = "../../../../../funzone books/Error Handling.pdf"; sourceTree = "<group>"; };
		848E06C1284832530090F7C3 /* Collection Types.pdf */ = {isa = PBXFileReference; lastKnownFileType = image.pdf; name = "Collection Types.pdf"; path = "../../../../../funzone books/Collection Types.pdf"; sourceTree = "<group>"; };
		848E06D1284832670090F7C3 /* bensound-longroad.mp3 */ = {isa = PBXFileReference; lastKnownFileType = audio.mp3; name = "bensound-longroad.mp3"; path = "../../../../../funzone music/bensound-longroad.mp3"; sourceTree = "<group>"; };
		848E06D2284832670090F7C3 /* bensound-worldonfire.mp3 */ = {isa = PBXFileReference; lastKnownFileType = audio.mp3; name = "bensound-worldonfire.mp3"; path = "../../../../../funzone music/bensound-worldonfire.mp3"; sourceTree = "<group>"; };
		848E06D3284832670090F7C3 /* bensound-allthewayup.mp3 */ = {isa = PBXFileReference; lastKnownFileType = audio.mp3; name = "bensound-allthewayup.mp3"; path = "../../../../../funzone music/bensound-allthewayup.mp3"; sourceTree = "<group>"; };
		848E06D4284832670090F7C3 /* bensound-autoreverse.mp3 */ = {isa = PBXFileReference; lastKnownFileType = audio.mp3; name = "bensound-autoreverse.mp3"; path = "../../../../../funzone music/bensound-autoreverse.mp3"; sourceTree = "<group>"; };
		848E06D5284832670090F7C3 /* bensound-dontlookbehind.mp3 */ = {isa = PBXFileReference; lastKnownFileType = audio.mp3; name = "bensound-dontlookbehind.mp3"; path = "../../../../../funzone music/bensound-dontlookbehind.mp3"; sourceTree = "<group>"; };
		848E06D6284832670090F7C3 /* bensound-takingcare.mp3 */ = {isa = PBXFileReference; lastKnownFileType = audio.mp3; name = "bensound-takingcare.mp3"; path = "../../../../../funzone music/bensound-takingcare.mp3"; sourceTree = "<group>"; };
		848E06D7284832670090F7C3 /* bensound-funkhouse.mp3 */ = {isa = PBXFileReference; lastKnownFileType = audio.mp3; name = "bensound-funkhouse.mp3"; path = "../../../../../funzone music/bensound-funkhouse.mp3"; sourceTree = "<group>"; };
		848E06D8284832670090F7C3 /* bensound-lifeiswonderful.mp3 */ = {isa = PBXFileReference; lastKnownFileType = audio.mp3; name = "bensound-lifeiswonderful.mp3"; path = "../../../../../funzone music/bensound-lifeiswonderful.mp3"; sourceTree = "<group>"; };
		848E06D9284832670090F7C3 /* bensound-gravity.mp3 */ = {isa = PBXFileReference; lastKnownFileType = audio.mp3; name = "bensound-gravity.mp3"; path = "../../../../../funzone music/bensound-gravity.mp3"; sourceTree = "<group>"; };
		848E06DA284832670090F7C3 /* bensound-awaken.mp3 */ = {isa = PBXFileReference; lastKnownFileType = audio.mp3; name = "bensound-awaken.mp3"; path = "../../../../../funzone music/bensound-awaken.mp3"; sourceTree = "<group>"; };
		848E06DB284832670090F7C3 /* bensound-wonderfulworld.mp3 */ = {isa = PBXFileReference; lastKnownFileType = audio.mp3; name = "bensound-wonderfulworld.mp3"; path = "../../../../../funzone music/bensound-wonderfulworld.mp3"; sourceTree = "<group>"; };
		848E06DC284832670090F7C3 /* bensound-brave.mp3 */ = {isa = PBXFileReference; lastKnownFileType = audio.mp3; name = "bensound-brave.mp3"; path = "../../../../../funzone music/bensound-brave.mp3"; sourceTree = "<group>"; };
		848E06DD284832670090F7C3 /* bensound-afterlight.mp3 */ = {isa = PBXFileReference; lastKnownFileType = audio.mp3; name = "bensound-afterlight.mp3"; path = "../../../../../funzone music/bensound-afterlight.mp3"; sourceTree = "<group>"; };
		848E06DE284832670090F7C3 /* bensound-floating.mp3 */ = {isa = PBXFileReference; lastKnownFileType = audio.mp3; name = "bensound-floating.mp3"; path = "../../../../../funzone music/bensound-floating.mp3"; sourceTree = "<group>"; };
		848E06DF284832670090F7C3 /* bensound-dontforget.mp3 */ = {isa = PBXFileReference; lastKnownFileType = audio.mp3; name = "bensound-dontforget.mp3"; path = "../../../../../funzone music/bensound-dontforget.mp3"; sourceTree = "<group>"; };
		848E06EF284841EE0090F7C3 /* MusicPlayerViewController.swift */ = {isa = PBXFileReference; lastKnownFileType = sourcecode.swift; path = MusicPlayerViewController.swift; sourceTree = "<group>"; };
		84BB8051284014EF0097A90E /* BooksViewController.swift */ = {isa = PBXFileReference; lastKnownFileType = sourcecode.swift; path = BooksViewController.swift; sourceTree = "<group>"; };
		84BB8053284015BB0097A90E /* MusicTableViewCell.swift */ = {isa = PBXFileReference; lastKnownFileType = sourcecode.swift; path = MusicTableViewCell.swift; sourceTree = "<group>"; };
		84BB8055284015E40097A90E /* MusicViewController.swift */ = {isa = PBXFileReference; lastKnownFileType = sourcecode.swift; path = MusicViewController.swift; sourceTree = "<group>"; };
		84BB8057284016200097A90E /* BooksCollectionViewCell.swift */ = {isa = PBXFileReference; lastKnownFileType = sourcecode.swift; path = BooksCollectionViewCell.swift; sourceTree = "<group>"; };
		84BB8059284018BB0097A90E /* LoginViewController.swift */ = {isa = PBXFileReference; lastKnownFileType = sourcecode.swift; path = LoginViewController.swift; sourceTree = "<group>"; };
		84CEA85E28428E230078DCB1 /* NewNoteViewController.swift */ = {isa = PBXFileReference; lastKnownFileType = sourcecode.swift; path = NewNoteViewController.swift; sourceTree = "<group>"; };
		84CEA860284294A50078DCB1 /* NoteCollectionViewCell.swift */ = {isa = PBXFileReference; lastKnownFileType = sourcecode.swift; path = NoteCollectionViewCell.swift; sourceTree = "<group>"; };
/* End PBXFileReference section */

/* Begin PBXFrameworksBuildPhase section */
		84300EA8283ED68000748D9E /* Frameworks */ = {
			isa = PBXFrameworksBuildPhase;
			buildActionMask = 2147483647;
			files = (
			);
			runOnlyForDeploymentPostprocessing = 0;
		};
/* End PBXFrameworksBuildPhase section */

/* Begin PBXGroup section */
		84300EA2283ED68000748D9E = {
			isa = PBXGroup;
			children = (
				8474BE8F2846D57100B2A930 /* Note+CoreDataClass.swift */,
				8474BE902846D57100B2A930 /* Note+CoreDataProperties.swift */,
				8474BE912846D57100B2A930 /* Users+CoreDataClass.swift */,
				8474BE922846D57100B2A930 /* Users+CoreDataProperties.swift */,
				84300EAD283ED68000748D9E /* FunZone */,
				84300EAC283ED68000748D9E /* Products */,
			);
			sourceTree = "<group>";
		};
		84300EAC283ED68000748D9E /* Products */ = {
			isa = PBXGroup;
			children = (
				84300EAB283ED68000748D9E /* FunZone.app */,
			);
			name = Products;
			sourceTree = "<group>";
		};
		84300EAD283ED68000748D9E /* FunZone */ = {
			isa = PBXGroup;
			children = (
				8452B67A28480CEF0049A9E8 /* Music */,
				8452B638284802C50049A9E8 /* Books */,
				84300EAE283ED68000748D9E /* AppDelegate.swift */,
				84300EB0283ED68000748D9E /* SceneDelegate.swift */,
				84300EB2283ED68000748D9E /* ViewController.swift */,
				84300EB4283ED68000748D9E /* Main.storyboard */,
				84300EBA283ED68200748D9E /* Assets.xcassets */,
				84300EBC283ED68200748D9E /* LaunchScreen.storyboard */,
				84300EBF283ED68200748D9E /* Info.plist */,
				84300EB7283ED68000748D9E /* FunZone.xcdatamodeld */,
				84BB8059284018BB0097A90E /* LoginViewController.swift */,
				8415A110284013D2008D1863 /* SignUpViewController.swift */,
				84BB8055284015E40097A90E /* MusicViewController.swift */,
				848E06EF284841EE0090F7C3 /* MusicPlayerViewController.swift */,
				84BB8051284014EF0097A90E /* BooksViewController.swift */,
				8452B69E284813A70049A9E8 /* OpenedBookViewController.swift */,
				8415A11428401430008D1863 /* SearchViewController.swift */,
				8428DB76284AAF6F007F8758 /* SearchStartViewController.swift */,
				8415A1122840141E008D1863 /* NotesViewController.swift */,
				84CEA85E28428E230078DCB1 /* NewNoteViewController.swift */,
				84BB8053284015BB0097A90E /* MusicTableViewCell.swift */,
				84BB8057284016200097A90E /* BooksCollectionViewCell.swift */,
				84CEA860284294A50078DCB1 /* NoteCollectionViewCell.swift */,
				8474BE972846D5C900B2A930 /* DBHelperNotes.swift */,
				845058812847AC000011A5E0 /* DBhelperUsers.swift */,
			);
			path = FunZone;
			sourceTree = "<group>";
		};
		8452B638284802C50049A9E8 /* Books */ = {
			isa = PBXGroup;
			children = (
				848E06BF284832530090F7C3 /* Basic Operators.pdf */,
				848E06BC284832520090F7C3 /* Closures.pdf */,
				848E06C1284832530090F7C3 /* Collection Types.pdf */,
				848E06B5284832520090F7C3 /* Control Flow.pdf */,
				848E06B8284832520090F7C3 /* Enumerations.pdf */,
				848E06C0284832530090F7C3 /* Error Handling.pdf */,
				848E06BB284832520090F7C3 /* Extensions.pdf */,
				848E06B7284832520090F7C3 /* Functions.pdf */,
				848E06BD284832520090F7C3 /* Inheritance.pdf */,
				848E06B3284832520090F7C3 /* Initialization.pdf */,
				848E06B9284832520090F7C3 /* Methods.pdf */,
				848E06B4284832520090F7C3 /* Nested Types.pdf */,
				848E06B6284832520090F7C3 /* Optional Chaining.pdf */,
				848E06BE284832530090F7C3 /* Properties.pdf */,
				848E06BA284832520090F7C3 /* Structures and Classes.pdf */,
				8452B6A2284815F40049A9E8 /* Xcode Overview.pdf */,
			);
			path = Books;
			sourceTree = "<group>";
		};
		8452B67A28480CEF0049A9E8 /* Music */ = {
			isa = PBXGroup;
			children = (
				848E06DD284832670090F7C3 /* bensound-afterlight.mp3 */,
				848E06D3284832670090F7C3 /* bensound-allthewayup.mp3 */,
				848E06D4284832670090F7C3 /* bensound-autoreverse.mp3 */,
				848E06DA284832670090F7C3 /* bensound-awaken.mp3 */,
				848E06DC284832670090F7C3 /* bensound-brave.mp3 */,
				848E06DF284832670090F7C3 /* bensound-dontforget.mp3 */,
				848E06D5284832670090F7C3 /* bensound-dontlookbehind.mp3 */,
				848E06DE284832670090F7C3 /* bensound-floating.mp3 */,
				848E06D7284832670090F7C3 /* bensound-funkhouse.mp3 */,
				848E06D9284832670090F7C3 /* bensound-gravity.mp3 */,
				848E06D8284832670090F7C3 /* bensound-lifeiswonderful.mp3 */,
				848E06D1284832670090F7C3 /* bensound-longroad.mp3 */,
				848E06D6284832670090F7C3 /* bensound-takingcare.mp3 */,
				848E06DB284832670090F7C3 /* bensound-wonderfulworld.mp3 */,
				848E06D2284832670090F7C3 /* bensound-worldonfire.mp3 */,
			);
			path = Music;
			sourceTree = "<group>";
		};
/* End PBXGroup section */

/* Begin PBXNativeTarget section */
		84300EAA283ED68000748D9E /* FunZone */ = {
			isa = PBXNativeTarget;
			buildConfigurationList = 84300EC2283ED68200748D9E /* Build configuration list for PBXNativeTarget "FunZone" */;
			buildPhases = (
				84300EA7283ED68000748D9E /* Sources */,
				84300EA8283ED68000748D9E /* Frameworks */,
				84300EA9283ED68000748D9E /* Resources */,
			);
			buildRules = (
			);
			dependencies = (
			);
			name = FunZone;
			productName = FunZone;
			productReference = 84300EAB283ED68000748D9E /* FunZone.app */;
			productType = "com.apple.product-type.application";
		};
/* End PBXNativeTarget section */

/* Begin PBXProject section */
		84300EA3283ED68000748D9E /* Project object */ = {
			isa = PBXProject;
			attributes = {
				BuildIndependentTargetsInParallel = 1;
				LastSwiftUpdateCheck = 1310;
				LastUpgradeCheck = 1310;
				TargetAttributes = {
					84300EAA283ED68000748D9E = {
						CreatedOnToolsVersion = 13.1;
					};
				};
			};
			buildConfigurationList = 84300EA6283ED68000748D9E /* Build configuration list for PBXProject "FunZone" */;
			compatibilityVersion = "Xcode 13.0";
			developmentRegion = en;
			hasScannedForEncodings = 0;
			knownRegions = (
				en,
				Base,
			);
			mainGroup = 84300EA2283ED68000748D9E;
			productRefGroup = 84300EAC283ED68000748D9E /* Products */;
			projectDirPath = "";
			projectRoot = "";
			targets = (
				84300EAA283ED68000748D9E /* FunZone */,
			);
		};
/* End PBXProject section */

/* Begin PBXResourcesBuildPhase section */
		84300EA9283ED68000748D9E /* Resources */ = {
			isa = PBXResourcesBuildPhase;
			buildActionMask = 2147483647;
			files = (
				848E06C3284832530090F7C3 /* Nested Types.pdf in Resources */,
				8452B6A3284815F40049A9E8 /* Xcode Overview.pdf in Resources */,
				848E06CB284832530090F7C3 /* Closures.pdf in Resources */,
				848E06CD284832530090F7C3 /* Properties.pdf in Resources */,
				848E06ED284832680090F7C3 /* bensound-floating.mp3 in Resources */,
				848E06C4284832530090F7C3 /* Control Flow.pdf in Resources */,
				848E06C9284832530090F7C3 /* Structures and Classes.pdf in Resources */,
				84300EBE283ED68200748D9E /* LaunchScreen.storyboard in Resources */,
				848E06E8284832680090F7C3 /* bensound-gravity.mp3 in Resources */,
				848E06E7284832680090F7C3 /* bensound-lifeiswonderful.mp3 in Resources */,
				848E06CF284832530090F7C3 /* Error Handling.pdf in Resources */,
				848E06EC284832680090F7C3 /* bensound-afterlight.mp3 in Resources */,
				848E06E4284832680090F7C3 /* bensound-dontlookbehind.mp3 in Resources */,
				848E06EB284832680090F7C3 /* bensound-brave.mp3 in Resources */,
				848E06C5284832530090F7C3 /* Optional Chaining.pdf in Resources */,
				84300EBB283ED68200748D9E /* Assets.xcassets in Resources */,
				848E06CE284832530090F7C3 /* Basic Operators.pdf in Resources */,
				848E06E1284832670090F7C3 /* bensound-worldonfire.mp3 in Resources */,
				848E06EE284832680090F7C3 /* bensound-dontforget.mp3 in Resources */,
				848E06CC284832530090F7C3 /* Inheritance.pdf in Resources */,
				848E06D0284832530090F7C3 /* Collection Types.pdf in Resources */,
				848E06C8284832530090F7C3 /* Methods.pdf in Resources */,
				848E06E2284832670090F7C3 /* bensound-allthewayup.mp3 in Resources */,
				848E06C7284832530090F7C3 /* Enumerations.pdf in Resources */,
				848E06C6284832530090F7C3 /* Functions.pdf in Resources */,
				848E06E3284832680090F7C3 /* bensound-autoreverse.mp3 in Resources */,
				848E06EA284832680090F7C3 /* bensound-wonderfulworld.mp3 in Resources */,
				848E06E0284832670090F7C3 /* bensound-longroad.mp3 in Resources */,
				848E06E6284832680090F7C3 /* bensound-funkhouse.mp3 in Resources */,
				848E06E5284832680090F7C3 /* bensound-takingcare.mp3 in Resources */,
				84300EB6283ED68000748D9E /* Main.storyboard in Resources */,
				848E06C2284832530090F7C3 /* Initialization.pdf in Resources */,
				848E06CA284832530090F7C3 /* Extensions.pdf in Resources */,
				848E06E9284832680090F7C3 /* bensound-awaken.mp3 in Resources */,
			);
			runOnlyForDeploymentPostprocessing = 0;
		};
/* End PBXResourcesBuildPhase section */

/* Begin PBXSourcesBuildPhase section */
		84300EA7283ED68000748D9E /* Sources */ = {
			isa = PBXSourcesBuildPhase;
			buildActionMask = 2147483647;
			files = (
				84BB805A284018BB0097A90E /* LoginViewController.swift in Sources */,
				84300EB3283ED68000748D9E /* ViewController.swift in Sources */,
				84BB8052284014EF0097A90E /* BooksViewController.swift in Sources */,
				84CEA85F28428E230078DCB1 /* NewNoteViewController.swift in Sources */,
				8415A11528401430008D1863 /* SearchViewController.swift in Sources */,
				84BB8058284016200097A90E /* BooksCollectionViewCell.swift in Sources */,
				84CEA861284294A50078DCB1 /* NoteCollectionViewCell.swift in Sources */,
				84300EB9283ED68000748D9E /* FunZone.xcdatamodeld in Sources */,
				8415A1132840141E008D1863 /* NotesViewController.swift in Sources */,
				848E06F0284841EE0090F7C3 /* MusicPlayerViewController.swift in Sources */,
				8474BE942846D57100B2A930 /* Note+CoreDataProperties.swift in Sources */,
				8474BE962846D57100B2A930 /* Users+CoreDataProperties.swift in Sources */,
				84300EAF283ED68000748D9E /* AppDelegate.swift in Sources */,
				84BB8056284015E40097A90E /* MusicViewController.swift in Sources */,
				84300EB1283ED68000748D9E /* SceneDelegate.swift in Sources */,
				845058822847AC000011A5E0 /* DBhelperUsers.swift in Sources */,
				8474BE932846D57100B2A930 /* Note+CoreDataClass.swift in Sources */,
				8474BE952846D57100B2A930 /* Users+CoreDataClass.swift in Sources */,
				8415A111284013D2008D1863 /* SignUpViewController.swift in Sources */,
				8452B69F284813A70049A9E8 /* OpenedBookViewController.swift in Sources */,
				8428DB77284AAF6F007F8758 /* SearchStartViewController.swift in Sources */,
				8474BE982846D5C900B2A930 /* DBHelperNotes.swift in Sources */,
				84BB8054284015BB0097A90E /* MusicTableViewCell.swift in Sources */,
			);
			runOnlyForDeploymentPostprocessing = 0;
		};
/* End PBXSourcesBuildPhase section */

/* Begin PBXVariantGroup section */
		84300EB4283ED68000748D9E /* Main.storyboard */ = {
			isa = PBXVariantGroup;
			children = (
				84300EB5283ED68000748D9E /* Base */,
			);
			name = Main.storyboard;
			sourceTree = "<group>";
		};
		84300EBC283ED68200748D9E /* LaunchScreen.storyboard */ = {
			isa = PBXVariantGroup;
			children = (
				84300EBD283ED68200748D9E /* Base */,
			);
			name = LaunchScreen.storyboard;
			sourceTree = "<group>";
		};
/* End PBXVariantGroup section */

/* Begin XCBuildConfiguration section */
		84300EC0283ED68200748D9E /* Debug */ = {
			isa = XCBuildConfiguration;
			buildSettings = {
				ALWAYS_SEARCH_USER_PATHS = NO;
				CLANG_ANALYZER_NONNULL = YES;
				CLANG_ANALYZER_NUMBER_OBJECT_CONVERSION = YES_AGGRESSIVE;
				CLANG_CXX_LANGUAGE_STANDARD = "gnu++17";
				CLANG_CXX_LIBRARY = "libc++";
				CLANG_ENABLE_MODULES = YES;
				CLANG_ENABLE_OBJC_ARC = YES;
				CLANG_ENABLE_OBJC_WEAK = YES;
				CLANG_WARN_BLOCK_CAPTURE_AUTORELEASING = YES;
				CLANG_WARN_BOOL_CONVERSION = YES;
				CLANG_WARN_COMMA = YES;
				CLANG_WARN_CONSTANT_CONVERSION = YES;
				CLANG_WARN_DEPRECATED_OBJC_IMPLEMENTATIONS = YES;
				CLANG_WARN_DIRECT_OBJC_ISA_USAGE = YES_ERROR;
				CLANG_WARN_DOCUMENTATION_COMMENTS = YES;
				CLANG_WARN_EMPTY_BODY = YES;
				CLANG_WARN_ENUM_CONVERSION = YES;
				CLANG_WARN_INFINITE_RECURSION = YES;
				CLANG_WARN_INT_CONVERSION = YES;
				CLANG_WARN_NON_LITERAL_NULL_CONVERSION = YES;
				CLANG_WARN_OBJC_IMPLICIT_RETAIN_SELF = YES;
				CLANG_WARN_OBJC_LITERAL_CONVERSION = YES;
				CLANG_WARN_OBJC_ROOT_CLASS = YES_ERROR;
				CLANG_WARN_QUOTED_INCLUDE_IN_FRAMEWORK_HEADER = YES;
				CLANG_WARN_RANGE_LOOP_ANALYSIS = YES;
				CLANG_WARN_STRICT_PROTOTYPES = YES;
				CLANG_WARN_SUSPICIOUS_MOVE = YES;
				CLANG_WARN_UNGUARDED_AVAILABILITY = YES_AGGRESSIVE;
				CLANG_WARN_UNREACHABLE_CODE = YES;
				CLANG_WARN__DUPLICATE_METHOD_MATCH = YES;
				COPY_PHASE_STRIP = NO;
				DEBUG_INFORMATION_FORMAT = dwarf;
				ENABLE_STRICT_OBJC_MSGSEND = YES;
				ENABLE_TESTABILITY = YES;
				GCC_C_LANGUAGE_STANDARD = gnu11;
				GCC_DYNAMIC_NO_PIC = NO;
				GCC_NO_COMMON_BLOCKS = YES;
				GCC_OPTIMIZATION_LEVEL = 0;
				GCC_PREPROCESSOR_DEFINITIONS = (
					"DEBUG=1",
					"$(inherited)",
				);
				GCC_WARN_64_TO_32_BIT_CONVERSION = YES;
				GCC_WARN_ABOUT_RETURN_TYPE = YES_ERROR;
				GCC_WARN_UNDECLARED_SELECTOR = YES;
				GCC_WARN_UNINITIALIZED_AUTOS = YES_AGGRESSIVE;
				GCC_WARN_UNUSED_FUNCTION = YES;
				GCC_WARN_UNUSED_VARIABLE = YES;
				IPHONEOS_DEPLOYMENT_TARGET = 15.0;
				MTL_ENABLE_DEBUG_INFO = INCLUDE_SOURCE;
				MTL_FAST_MATH = YES;
				ONLY_ACTIVE_ARCH = YES;
				SDKROOT = iphoneos;
				SWIFT_ACTIVE_COMPILATION_CONDITIONS = DEBUG;
				SWIFT_OPTIMIZATION_LEVEL = "-Onone";
			};
			name = Debug;
		};
		84300EC1283ED68200748D9E /* Release */ = {
			isa = XCBuildConfiguration;
			buildSettings = {
				ALWAYS_SEARCH_USER_PATHS = NO;
				CLANG_ANALYZER_NONNULL = YES;
				CLANG_ANALYZER_NUMBER_OBJECT_CONVERSION = YES_AGGRESSIVE;
				CLANG_CXX_LANGUAGE_STANDARD = "gnu++17";
				CLANG_CXX_LIBRARY = "libc++";
				CLANG_ENABLE_MODULES = YES;
				CLANG_ENABLE_OBJC_ARC = YES;
				CLANG_ENABLE_OBJC_WEAK = YES;
				CLANG_WARN_BLOCK_CAPTURE_AUTORELEASING = YES;
				CLANG_WARN_BOOL_CONVERSION = YES;
				CLANG_WARN_COMMA = YES;
				CLANG_WARN_CONSTANT_CONVERSION = YES;
				CLANG_WARN_DEPRECATED_OBJC_IMPLEMENTATIONS = YES;
				CLANG_WARN_DIRECT_OBJC_ISA_USAGE = YES_ERROR;
				CLANG_WARN_DOCUMENTATION_COMMENTS = YES;
				CLANG_WARN_EMPTY_BODY = YES;
				CLANG_WARN_ENUM_CONVERSION = YES;
				CLANG_WARN_INFINITE_RECURSION = YES;
				CLANG_WARN_INT_CONVERSION = YES;
				CLANG_WARN_NON_LITERAL_NULL_CONVERSION = YES;
				CLANG_WARN_OBJC_IMPLICIT_RETAIN_SELF = YES;
				CLANG_WARN_OBJC_LITERAL_CONVERSION = YES;
				CLANG_WARN_OBJC_ROOT_CLASS = YES_ERROR;
				CLANG_WARN_QUOTED_INCLUDE_IN_FRAMEWORK_HEADER = YES;
				CLANG_WARN_RANGE_LOOP_ANALYSIS = YES;
				CLANG_WARN_STRICT_PROTOTYPES = YES;
				CLANG_WARN_SUSPICIOUS_MOVE = YES;
				CLANG_WARN_UNGUARDED_AVAILABILITY = YES_AGGRESSIVE;
				CLANG_WARN_UNREACHABLE_CODE = YES;
				CLANG_WARN__DUPLICATE_METHOD_MATCH = YES;
				COPY_PHASE_STRIP = NO;
				DEBUG_INFORMATION_FORMAT = "dwarf-with-dsym";
				ENABLE_NS_ASSERTIONS = NO;
				ENABLE_STRICT_OBJC_MSGSEND = YES;
				GCC_C_LANGUAGE_STANDARD = gnu11;
				GCC_NO_COMMON_BLOCKS = YES;
				GCC_WARN_64_TO_32_BIT_CONVERSION = YES;
				GCC_WARN_ABOUT_RETURN_TYPE = YES_ERROR;
				GCC_WARN_UNDECLARED_SELECTOR = YES;
				GCC_WARN_UNINITIALIZED_AUTOS = YES_AGGRESSIVE;
				GCC_WARN_UNUSED_FUNCTION = YES;
				GCC_WARN_UNUSED_VARIABLE = YES;
				IPHONEOS_DEPLOYMENT_TARGET = 15.0;
				MTL_ENABLE_DEBUG_INFO = NO;
				MTL_FAST_MATH = YES;
				SDKROOT = iphoneos;
				SWIFT_COMPILATION_MODE = wholemodule;
				SWIFT_OPTIMIZATION_LEVEL = "-O";
				VALIDATE_PRODUCT = YES;
			};
			name = Release;
		};
		84300EC3283ED68200748D9E /* Debug */ = {
			isa = XCBuildConfiguration;
			buildSettings = {
				ASSETCATALOG_COMPILER_APPICON_NAME = AppIcon;
				ASSETCATALOG_COMPILER_GLOBAL_ACCENT_COLOR_NAME = AccentColor;
				CODE_SIGN_STYLE = Automatic;
				CURRENT_PROJECT_VERSION = 1;
				GENERATE_INFOPLIST_FILE = YES;
				INFOPLIST_FILE = FunZone/Info.plist;
				INFOPLIST_KEY_UIApplicationSupportsIndirectInputEvents = YES;
				INFOPLIST_KEY_UILaunchStoryboardName = LaunchScreen;
				INFOPLIST_KEY_UIMainStoryboardFile = Main;
				INFOPLIST_KEY_UISupportedInterfaceOrientations_iPad = "UIInterfaceOrientationPortrait UIInterfaceOrientationPortraitUpsideDown UIInterfaceOrientationLandscapeLeft UIInterfaceOrientationLandscapeRight";
				INFOPLIST_KEY_UISupportedInterfaceOrientations_iPhone = "UIInterfaceOrientationPortrait UIInterfaceOrientationLandscapeLeft UIInterfaceOrientationLandscapeRight";
				LD_RUNPATH_SEARCH_PATHS = (
					"$(inherited)",
					"@executable_path/Frameworks",
				);
				MARKETING_VERSION = 1.0;
				PRODUCT_BUNDLE_IDENTIFIER = Curts.FunZone;
				PRODUCT_NAME = "$(TARGET_NAME)";
				SWIFT_EMIT_LOC_STRINGS = YES;
				SWIFT_VERSION = 5.0;
				TARGETED_DEVICE_FAMILY = "1,2";
			};
			name = Debug;
		};
		84300EC4283ED68200748D9E /* Release */ = {
			isa = XCBuildConfiguration;
			buildSettings = {
				ASSETCATALOG_COMPILER_APPICON_NAME = AppIcon;
				ASSETCATALOG_COMPILER_GLOBAL_ACCENT_COLOR_NAME = AccentColor;
				CODE_SIGN_STYLE = Automatic;
				CURRENT_PROJECT_VERSION = 1;
				GENERATE_INFOPLIST_FILE = YES;
				INFOPLIST_FILE = FunZone/Info.plist;
				INFOPLIST_KEY_UIApplicationSupportsIndirectInputEvents = YES;
				INFOPLIST_KEY_UILaunchStoryboardName = LaunchScreen;
				INFOPLIST_KEY_UIMainStoryboardFile = Main;
				INFOPLIST_KEY_UISupportedInterfaceOrientations_iPad = "UIInterfaceOrientationPortrait UIInterfaceOrientationPortraitUpsideDown UIInterfaceOrientationLandscapeLeft UIInterfaceOrientationLandscapeRight";
				INFOPLIST_KEY_UISupportedInterfaceOrientations_iPhone = "UIInterfaceOrientationPortrait UIInterfaceOrientationLandscapeLeft UIInterfaceOrientationLandscapeRight";
				LD_RUNPATH_SEARCH_PATHS = (
					"$(inherited)",
					"@executable_path/Frameworks",
				);
				MARKETING_VERSION = 1.0;
				PRODUCT_BUNDLE_IDENTIFIER = Curts.FunZone;
				PRODUCT_NAME = "$(TARGET_NAME)";
				SWIFT_EMIT_LOC_STRINGS = YES;
				SWIFT_VERSION = 5.0;
				TARGETED_DEVICE_FAMILY = "1,2";
			};
			name = Release;
		};
/* End XCBuildConfiguration section */

/* Begin XCConfigurationList section */
		84300EA6283ED68000748D9E /* Build configuration list for PBXProject "FunZone" */ = {
			isa = XCConfigurationList;
			buildConfigurations = (
				84300EC0283ED68200748D9E /* Debug */,
				84300EC1283ED68200748D9E /* Release */,
			);
			defaultConfigurationIsVisible = 0;
			defaultConfigurationName = Release;
		};
		84300EC2283ED68200748D9E /* Build configuration list for PBXNativeTarget "FunZone" */ = {
			isa = XCConfigurationList;
			buildConfigurations = (
				84300EC3283ED68200748D9E /* Debug */,
				84300EC4283ED68200748D9E /* Release */,
			);
			defaultConfigurationIsVisible = 0;
			defaultConfigurationName = Release;
		};
/* End XCConfigurationList section */

/* Begin XCVersionGroup section */
		84300EB7283ED68000748D9E /* FunZone.xcdatamodeld */ = {
			isa = XCVersionGroup;
			children = (
				84300EB8283ED68000748D9E /* FunZone.xcdatamodel */,
			);
			currentVersion = 84300EB8283ED68000748D9E /* FunZone.xcdatamodel */;
			path = FunZone.xcdatamodeld;
			sourceTree = "<group>";
			versionGroupType = wrapper.xcdatamodel;
		};
/* End XCVersionGroup section */
	};
	rootObject = 84300EA3283ED68000748D9E /* Project object */;
}
