// !$*UTF8*$!
{
	archiveVersion = 1;
	classes = {
	};
	objectVersion = 55;
	objects = {

/* Begin PBXBuildFile section */
		8415A111284013D2008D1863 /* SignUpViewController.swift in Sources */ = {isa = PBXBuildFile; fileRef = 8415A110284013D2008D1863 /* SignUpViewController.swift */; };
		8415A1132840141E008D1863 /* NotesViewController.swift in Sources */ = {isa = PBXBuildFile; fileRef = 8415A1122840141E008D1863 /* NotesViewController.swift */; };
		8415A11528401430008D1863 /* SearchViewController.swift in Sources */ = {isa = PBXBuildFile; fileRef = 8415A11428401430008D1863 /* SearchViewController.swift */; };
		84300EAF283ED68000748D9E /* AppDelegate.swift in Sources */ = {isa = PBXBuildFile; fileRef = 84300EAE283ED68000748D9E /* AppDelegate.swift */; };
		84300EB1283ED68000748D9E /* SceneDelegate.swift in Sources */ = {isa = PBXBuildFile; fileRef = 84300EB0283ED68000748D9E /* SceneDelegate.swift */; };
		84300EB3283ED68000748D9E /* ViewController.swift in Sources */ = {isa = PBXBuildFile; fileRef = 84300EB2283ED68000748D9E /* ViewController.swift */; };
		84300EB6283ED68000748D9E /* Main.storyboard in Resources */ = {isa = PBXBuildFile; fileRef = 84300EB4283ED68000748D9E /* Main.storyboard */; };
		84300EB9283ED68000748D9E /* FunZone.xcdatamodeld in Sources */ = {isa = PBXBuildFile; fileRef = 84300EB7283ED68000748D9E /* FunZone.xcdatamodeld */; };
		84300EBB283ED68200748D9E /* Assets.xcassets in Resources */ = {isa = PBXBuildFile; fileRef = 84300EBA283ED68200748D9E /* Assets.xcassets */; };
		84300EBE283ED68200748D9E /* LaunchScreen.storyboard in Resources */ = {isa = PBXBuildFile; fileRef = 84300EBC283ED68200748D9E /* LaunchScreen.storyboard */; };
		845058822847AC000011A5E0 /* DBhelperUsers.swift in Sources */ = {isa = PBXBuildFile; fileRef = 845058812847AC000011A5E0 /* DBhelperUsers.swift */; };
		8474BE932846D57100B2A930 /* Note+CoreDataClass.swift in Sources */ = {isa = PBXBuildFile; fileRef = 8474BE8F2846D57100B2A930 /* Note+CoreDataClass.swift */; };
		8474BE942846D57100B2A930 /* Note+CoreDataProperties.swift in Sources */ = {isa = PBXBuildFile; fileRef = 8474BE902846D57100B2A930 /* Note+CoreDataProperties.swift */; };
		8474BE952846D57100B2A930 /* Users+CoreDataClass.swift in Sources */ = {isa = PBXBuildFile; fileRef = 8474BE912846D57100B2A930 /* Users+CoreDataClass.swift */; };
		8474BE962846D57100B2A930 /* Users+CoreDataProperties.swift in Sources */ = {isa = PBXBuildFile; fileRef = 8474BE922846D57100B2A930 /* Users+CoreDataProperties.swift */; };
		8474BE982846D5C900B2A930 /* DBHelperNotes.swift in Sources */ = {isa = PBXBuildFile; fileRef = 8474BE972846D5C900B2A930 /* DBHelperNotes.swift */; };
		84BB8052284014EF0097A90E /* BooksViewController.swift in Sources */ = {isa = PBXBuildFile; fileRef = 84BB8051284014EF0097A90E /* BooksViewController.swift */; };
		84BB8054284015BB0097A90E /* MusicTableViewCell.swift in Sources */ = {isa = PBXBuildFile; fileRef = 84BB8053284015BB0097A90E /* MusicTableViewCell.swift */; };
		84BB8056284015E40097A90E /* MusicViewController.swift in Sources */ = {isa = PBXBuildFile; fileRef = 84BB8055284015E40097A90E /* MusicViewController.swift */; };
		84BB8058284016200097A90E /* BooksCollectionViewCell.swift in Sources */ = {isa = PBXBuildFile; fileRef = 84BB8057284016200097A90E /* BooksCollectionViewCell.swift */; };
		84BB805A284018BB0097A90E /* LoginViewController.swift in Sources */ = {isa = PBXBuildFile; fileRef = 84BB8059284018BB0097A90E /* LoginViewController.swift */; };
		84CEA85F28428E230078DCB1 /* NewNoteViewController.swift in Sources */ = {isa = PBXBuildFile; fileRef = 84CEA85E28428E230078DCB1 /* NewNoteViewController.swift */; };
		84CEA861284294A50078DCB1 /* NoteCollectionViewCell.swift in Sources */ = {isa = PBXBuildFile; fileRef = 84CEA860284294A50078DCB1 /* NoteCollectionViewCell.swift */; };
/* End PBXBuildFile section */

/* Begin PBXFileReference section */
		8415A110284013D2008D1863 /* SignUpViewController.swift */ = {isa = PBXFileReference; lastKnownFileType = sourcecode.swift; path = SignUpViewController.swift; sourceTree = "<group>"; };
		8415A1122840141E008D1863 /* NotesViewController.swift */ = {isa = PBXFileReference; lastKnownFileType = sourcecode.swift; path = NotesViewController.swift; sourceTree = "<group>"; };
		8415A11428401430008D1863 /* SearchViewController.swift */ = {isa = PBXFileReference; lastKnownFileType = sourcecode.swift; path = SearchViewController.swift; sourceTree = "<group>"; };
		84300EAB283ED68000748D9E /* FunZone.app */ = {isa = PBXFileReference; explicitFileType = wrapper.application; includeInIndex = 0; path = FunZone.app; sourceTree = BUILT_PRODUCTS_DIR; };
		84300EAE283ED68000748D9E /* AppDelegate.swift */ = {isa = PBXFileReference; lastKnownFileType = sourcecode.swift; path = AppDelegate.swift; sourceTree = "<group>"; };
		84300EB0283ED68000748D9E /* SceneDelegate.swift */ = {isa = PBXFileReference; lastKnownFileType = sourcecode.swift; path = SceneDelegate.swift; sourceTree = "<group>"; };
		84300EB2283ED68000748D9E /* ViewController.swift */ = {isa = PBXFileReference; lastKnownFileType = sourcecode.swift; path = ViewController.swift; sourceTree = "<group>"; };
		84300EB5283ED68000748D9E /* Base */ = {isa = PBXFileReference; lastKnownFileType = file.storyboard; name = Base; path = Base.lproj/Main.storyboard; sourceTree = "<group>"; };
		84300EB8283ED68000748D9E /* FunZone.xcdatamodel */ = {isa = PBXFileReference; lastKnownFileType = wrapper.xcdatamodel; path = FunZone.xcdatamodel; sourceTree = "<group>"; };
		84300EBA283ED68200748D9E /* Assets.xcassets */ = {isa = PBXFileReference; lastKnownFileType = folder.assetcatalog; path = Assets.xcassets; sourceTree = "<group>"; };
		84300EBD283ED68200748D9E /* Base */ = {isa = PBXFileReference; lastKnownFileType = file.storyboard; name = Base; path = Base.lproj/LaunchScreen.storyboard; sourceTree = "<group>"; };
		84300EBF283ED68200748D9E /* Info.plist */ = {isa = PBXFileReference; lastKnownFileType = text.plist.xml; path = Info.plist; sourceTree = "<group>"; };
		845058812847AC000011A5E0 /* DBhelperUsers.swift */ = {isa = PBXFileReference; lastKnownFileType = sourcecode.swift; path = DBhelperUsers.swift; sourceTree = "<group>"; };
		8474BE8F2846D57100B2A930 /* Note+CoreDataClass.swift */ = {isa = PBXFileReference; lastKnownFileType = sourcecode.swift; path = "Note+CoreDataClass.swift"; sourceTree = "<group>"; };
		8474BE902846D57100B2A930 /* Note+CoreDataProperties.swift */ = {isa = PBXFileReference; lastKnownFileType = sourcecode.swift; path = "Note+CoreDataProperties.swift"; sourceTree = "<group>"; };
		8474BE912846D57100B2A930 /* Users+CoreDataClass.swift */ = {isa = PBXFileReference; lastKnownFileType = sourcecode.swift; path = "Users+CoreDataClass.swift"; sourceTree = "<group>"; };
		8474BE922846D57100B2A930 /* Users+CoreDataProperties.swift */ = {isa = PBXFileReference; lastKnownFileType = sourcecode.swift; path = "Users+CoreDataProperties.swift"; sourceTree = "<group>"; };
		8474BE972846D5C900B2A930 /* DBHelperNotes.swift */ = {isa = PBXFileReference; lastKnownFileType = sourcecode.swift; path = DBHelperNotes.swift; sourceTree = "<group>"; };
		84BB8051284014EF0097A90E /* BooksViewController.swift */ = {isa = PBXFileReference; lastKnownFileType = sourcecode.swift; path = BooksViewController.swift; sourceTree = "<group>"; };
		84BB8053284015BB0097A90E /* MusicTableViewCell.swift */ = {isa = PBXFileReference; lastKnownFileType = sourcecode.swift; path = MusicTableViewCell.swift; sourceTree = "<group>"; };
		84BB8055284015E40097A90E /* MusicViewController.swift */ = {isa = PBXFileReference; lastKnownFileType = sourcecode.swift; path = MusicViewController.swift; sourceTree = "<group>"; };
		84BB8057284016200097A90E /* BooksCollectionViewCell.swift */ = {isa = PBXFileReference; lastKnownFileType = sourcecode.swift; path = BooksCollectionViewCell.swift; sourceTree = "<group>"; };
		84BB8059284018BB0097A90E /* LoginViewController.swift */ = {isa = PBXFileReference; lastKnownFileType = sourcecode.swift; path = LoginViewController.swift; sourceTree = "<group>"; };
		84CEA85E28428E230078DCB1 /* NewNoteViewController.swift */ = {isa = PBXFileReference; lastKnownFileType = sourcecode.swift; path = NewNoteViewController.swift; sourceTree = "<group>"; };
		84CEA860284294A50078DCB1 /* NoteCollectionViewCell.swift */ = {isa = PBXFileReference; lastKnownFileType = sourcecode.swift; path = NoteCollectionViewCell.swift; sourceTree = "<group>"; };
/* End PBXFileReference section */

/* Begin PBXFrameworksBuildPhase section */
		84300EA8283ED68000748D9E /* Frameworks */ = {
			isa = PBXFrameworksBuildPhase;
			buildActionMask = 2147483647;
			files = (
			);
			runOnlyForDeploymentPostprocessing = 0;
		};
/* End PBXFrameworksBuildPhase section */

/* Begin PBXGroup section */
		84300EA2283ED68000748D9E = {
			isa = PBXGroup;
			children = (
				8474BE8F2846D57100B2A930 /* Note+CoreDataClass.swift */,
				8474BE902846D57100B2A930 /* Note+CoreDataProperties.swift */,
				8474BE912846D57100B2A930 /* Users+CoreDataClass.swift */,
				8474BE922846D57100B2A930 /* Users+CoreDataProperties.swift */,
				84300EAD283ED68000748D9E /* FunZone */,
				84300EAC283ED68000748D9E /* Products */,
			);
			sourceTree = "<group>";
		};
		84300EAC283ED68000748D9E /* Products */ = {
			isa = PBXGroup;
			children = (
				84300EAB283ED68000748D9E /* FunZone.app */,
			);
			name = Products;
			sourceTree = "<group>";
		};
		84300EAD283ED68000748D9E /* FunZone */ = {
			isa = PBXGroup;
			children = (
				84300EAE283ED68000748D9E /* AppDelegate.swift */,
				84300EB0283ED68000748D9E /* SceneDelegate.swift */,
				84300EB2283ED68000748D9E /* ViewController.swift */,
				84300EB4283ED68000748D9E /* Main.storyboard */,
				84300EBA283ED68200748D9E /* Assets.xcassets */,
				84300EBC283ED68200748D9E /* LaunchScreen.storyboard */,
				84300EBF283ED68200748D9E /* Info.plist */,
				84300EB7283ED68000748D9E /* FunZone.xcdatamodeld */,
				84BB8059284018BB0097A90E /* LoginViewController.swift */,
				8415A110284013D2008D1863 /* SignUpViewController.swift */,
				84BB8055284015E40097A90E /* MusicViewController.swift */,
				84BB8051284014EF0097A90E /* BooksViewController.swift */,
				8415A11428401430008D1863 /* SearchViewController.swift */,
				8415A1122840141E008D1863 /* NotesViewController.swift */,
				84CEA85E28428E230078DCB1 /* NewNoteViewController.swift */,
				84BB8053284015BB0097A90E /* MusicTableViewCell.swift */,
				84BB8057284016200097A90E /* BooksCollectionViewCell.swift */,
				84CEA860284294A50078DCB1 /* NoteCollectionViewCell.swift */,
				8474BE972846D5C900B2A930 /* DBHelperNotes.swift */,
				845058812847AC000011A5E0 /* DBhelperUsers.swift */,
			);
			path = FunZone;
			sourceTree = "<group>";
		};
/* End PBXGroup section */

/* Begin PBXNativeTarget section */
		84300EAA283ED68000748D9E /* FunZone */ = {
			isa = PBXNativeTarget;
			buildConfigurationList = 84300EC2283ED68200748D9E /* Build configuration list for PBXNativeTarget "FunZone" */;
			buildPhases = (
				84300EA7283ED68000748D9E /* Sources */,
				84300EA8283ED68000748D9E /* Frameworks */,
				84300EA9283ED68000748D9E /* Resources */,
			);
			buildRules = (
			);
			dependencies = (
			);
			name = FunZone;
			productName = FunZone;
			productReference = 84300EAB283ED68000748D9E /* FunZone.app */;
			productType = "com.apple.product-type.application";
		};
/* End PBXNativeTarget section */

/* Begin PBXProject section */
		84300EA3283ED68000748D9E /* Project object */ = {
			isa = PBXProject;
			attributes = {
				BuildIndependentTargetsInParallel = 1;
				LastSwiftUpdateCheck = 1310;
				LastUpgradeCheck = 1310;
				TargetAttributes = {
					84300EAA283ED68000748D9E = {
						CreatedOnToolsVersion = 13.1;
					};
				};
			};
			buildConfigurationList = 84300EA6283ED68000748D9E /* Build configuration list for PBXProject "FunZone" */;
			compatibilityVersion = "Xcode 13.0";
			developmentRegion = en;
			hasScannedForEncodings = 0;
			knownRegions = (
				en,
				Base,
			);
			mainGroup = 84300EA2283ED68000748D9E;
			productRefGroup = 84300EAC283ED68000748D9E /* Products */;
			projectDirPath = "";
			projectRoot = "";
			targets = (
				84300EAA283ED68000748D9E /* FunZone */,
			);
		};
/* End PBXProject section */

/* Begin PBXResourcesBuildPhase section */
		84300EA9283ED68000748D9E /* Resources */ = {
			isa = PBXResourcesBuildPhase;
			buildActionMask = 2147483647;
			files = (
				84300EBE283ED68200748D9E /* LaunchScreen.storyboard in Resources */,
				84300EBB283ED68200748D9E /* Assets.xcassets in Resources */,
				84300EB6283ED68000748D9E /* Main.storyboard in Resources */,
			);
			runOnlyForDeploymentPostprocessing = 0;
		};
/* End PBXResourcesBuildPhase section */

/* Begin PBXSourcesBuildPhase section */
		84300EA7283ED68000748D9E /* Sources */ = {
			isa = PBXSourcesBuildPhase;
			buildActionMask = 2147483647;
			files = (
				84BB805A284018BB0097A90E /* LoginViewController.swift in Sources */,
				84300EB3283ED68000748D9E /* ViewController.swift in Sources */,
				84BB8052284014EF0097A90E /* BooksViewController.swift in Sources */,
				84CEA85F28428E230078DCB1 /* NewNoteViewController.swift in Sources */,
				8415A11528401430008D1863 /* SearchViewController.swift in Sources */,
				84BB8058284016200097A90E /* BooksCollectionViewCell.swift in Sources */,
				84CEA861284294A50078DCB1 /* NoteCollectionViewCell.swift in Sources */,
				84300EB9283ED68000748D9E /* FunZone.xcdatamodeld in Sources */,
				8415A1132840141E008D1863 /* NotesViewController.swift in Sources */,
				8474BE942846D57100B2A930 /* Note+CoreDataProperties.swift in Sources */,
				8474BE962846D57100B2A930 /* Users+CoreDataProperties.swift in Sources */,
				84300EAF283ED68000748D9E /* AppDelegate.swift in Sources */,
				84BB8056284015E40097A90E /* MusicViewController.swift in Sources */,
				84300EB1283ED68000748D9E /* SceneDelegate.swift in Sources */,
				845058822847AC000011A5E0 /* DBhelperUsers.swift in Sources */,
				8474BE932846D57100B2A930 /* Note+CoreDataClass.swift in Sources */,
				8474BE952846D57100B2A930 /* Users+CoreDataClass.swift in Sources */,
				8415A111284013D2008D1863 /* SignUpViewController.swift in Sources */,
				8474BE982846D5C900B2A930 /* DBHelperNotes.swift in Sources */,
				84BB8054284015BB0097A90E /* MusicTableViewCell.swift in Sources */,
			);
			runOnlyForDeploymentPostprocessing = 0;
		};
/* End PBXSourcesBuildPhase section */

/* Begin PBXVariantGroup section */
		84300EB4283ED68000748D9E /* Main.storyboard */ = {
			isa = PBXVariantGroup;
			children = (
				84300EB5283ED68000748D9E /* Base */,
			);
			name = Main.storyboard;
			sourceTree = "<group>";
		};
		84300EBC283ED68200748D9E /* LaunchScreen.storyboard */ = {
			isa = PBXVariantGroup;
			children = (
				84300EBD283ED68200748D9E /* Base */,
			);
			name = LaunchScreen.storyboard;
			sourceTree = "<group>";
		};
/* End PBXVariantGroup section */

/* Begin XCBuildConfiguration section */
		84300EC0283ED68200748D9E /* Debug */ = {
			isa = XCBuildConfiguration;
			buildSettings = {
				ALWAYS_SEARCH_USER_PATHS = NO;
				CLANG_ANALYZER_NONNULL = YES;
				CLANG_ANALYZER_NUMBER_OBJECT_CONVERSION = YES_AGGRESSIVE;
				CLANG_CXX_LANGUAGE_STANDARD = "gnu++17";
				CLANG_CXX_LIBRARY = "libc++";
				CLANG_ENABLE_MODULES = YES;
				CLANG_ENABLE_OBJC_ARC = YES;
				CLANG_ENABLE_OBJC_WEAK = YES;
				CLANG_WARN_BLOCK_CAPTURE_AUTORELEASING = YES;
				CLANG_WARN_BOOL_CONVERSION = YES;
				CLANG_WARN_COMMA = YES;
				CLANG_WARN_CONSTANT_CONVERSION = YES;
				CLANG_WARN_DEPRECATED_OBJC_IMPLEMENTATIONS = YES;
				CLANG_WARN_DIRECT_OBJC_ISA_USAGE = YES_ERROR;
				CLANG_WARN_DOCUMENTATION_COMMENTS = YES;
				CLANG_WARN_EMPTY_BODY = YES;
				CLANG_WARN_ENUM_CONVERSION = YES;
				CLANG_WARN_INFINITE_RECURSION = YES;
				CLANG_WARN_INT_CONVERSION = YES;
				CLANG_WARN_NON_LITERAL_NULL_CONVERSION = YES;
				CLANG_WARN_OBJC_IMPLICIT_RETAIN_SELF = YES;
				CLANG_WARN_OBJC_LITERAL_CONVERSION = YES;
				CLANG_WARN_OBJC_ROOT_CLASS = YES_ERROR;
				CLANG_WARN_QUOTED_INCLUDE_IN_FRAMEWORK_HEADER = YES;
				CLANG_WARN_RANGE_LOOP_ANALYSIS = YES;
				CLANG_WARN_STRICT_PROTOTYPES = YES;
				CLANG_WARN_SUSPICIOUS_MOVE = YES;
				CLANG_WARN_UNGUARDED_AVAILABILITY = YES_AGGRESSIVE;
				CLANG_WARN_UNREACHABLE_CODE = YES;
				CLANG_WARN__DUPLICATE_METHOD_MATCH = YES;
				COPY_PHASE_STRIP = NO;
				DEBUG_INFORMATION_FORMAT = dwarf;
				ENABLE_STRICT_OBJC_MSGSEND = YES;
				ENABLE_TESTABILITY = YES;
				GCC_C_LANGUAGE_STANDARD = gnu11;
				GCC_DYNAMIC_NO_PIC = NO;
				GCC_NO_COMMON_BLOCKS = YES;
				GCC_OPTIMIZATION_LEVEL = 0;
				GCC_PREPROCESSOR_DEFINITIONS = (
					"DEBUG=1",
					"$(inherited)",
				);
				GCC_WARN_64_TO_32_BIT_CONVERSION = YES;
				GCC_WARN_ABOUT_RETURN_TYPE = YES_ERROR;
				GCC_WARN_UNDECLARED_SELECTOR = YES;
				GCC_WARN_UNINITIALIZED_AUTOS = YES_AGGRESSIVE;
				GCC_WARN_UNUSED_FUNCTION = YES;
				GCC_WARN_UNUSED_VARIABLE = YES;
				IPHONEOS_DEPLOYMENT_TARGET = 15.0;
				MTL_ENABLE_DEBUG_INFO = INCLUDE_SOURCE;
				MTL_FAST_MATH = YES;
				ONLY_ACTIVE_ARCH = YES;
				SDKROOT = iphoneos;
				SWIFT_ACTIVE_COMPILATION_CONDITIONS = DEBUG;
				SWIFT_OPTIMIZATION_LEVEL = "-Onone";
			};
			name = Debug;
		};
		84300EC1283ED68200748D9E /* Release */ = {
			isa = XCBuildConfiguration;
			buildSettings = {
				ALWAYS_SEARCH_USER_PATHS = NO;
				CLANG_ANALYZER_NONNULL = YES;
				CLANG_ANALYZER_NUMBER_OBJECT_CONVERSION = YES_AGGRESSIVE;
				CLANG_CXX_LANGUAGE_STANDARD = "gnu++17";
				CLANG_CXX_LIBRARY = "libc++";
				CLANG_ENABLE_MODULES = YES;
				CLANG_ENABLE_OBJC_ARC = YES;
				CLANG_ENABLE_OBJC_WEAK = YES;
				CLANG_WARN_BLOCK_CAPTURE_AUTORELEASING = YES;
				CLANG_WARN_BOOL_CONVERSION = YES;
				CLANG_WARN_COMMA = YES;
				CLANG_WARN_CONSTANT_CONVERSION = YES;
				CLANG_WARN_DEPRECATED_OBJC_IMPLEMENTATIONS = YES;
				CLANG_WARN_DIRECT_OBJC_ISA_USAGE = YES_ERROR;
				CLANG_WARN_DOCUMENTATION_COMMENTS = YES;
				CLANG_WARN_EMPTY_BODY = YES;
				CLANG_WARN_ENUM_CONVERSION = YES;
				CLANG_WARN_INFINITE_RECURSION = YES;
				CLANG_WARN_INT_CONVERSION = YES;
				CLANG_WARN_NON_LITERAL_NULL_CONVERSION = YES;
				CLANG_WARN_OBJC_IMPLICIT_RETAIN_SELF = YES;
				CLANG_WARN_OBJC_LITERAL_CONVERSION = YES;
				CLANG_WARN_OBJC_ROOT_CLASS = YES_ERROR;
				CLANG_WARN_QUOTED_INCLUDE_IN_FRAMEWORK_HEADER = YES;
				CLANG_WARN_RANGE_LOOP_ANALYSIS = YES;
				CLANG_WARN_STRICT_PROTOTYPES = YES;
				CLANG_WARN_SUSPICIOUS_MOVE = YES;
				CLANG_WARN_UNGUARDED_AVAILABILITY = YES_AGGRESSIVE;
				CLANG_WARN_UNREACHABLE_CODE = YES;
				CLANG_WARN__DUPLICATE_METHOD_MATCH = YES;
				COPY_PHASE_STRIP = NO;
				DEBUG_INFORMATION_FORMAT = "dwarf-with-dsym";
				ENABLE_NS_ASSERTIONS = NO;
				ENABLE_STRICT_OBJC_MSGSEND = YES;
				GCC_C_LANGUAGE_STANDARD = gnu11;
				GCC_NO_COMMON_BLOCKS = YES;
				GCC_WARN_64_TO_32_BIT_CONVERSION = YES;
				GCC_WARN_ABOUT_RETURN_TYPE = YES_ERROR;
				GCC_WARN_UNDECLARED_SELECTOR = YES;
				GCC_WARN_UNINITIALIZED_AUTOS = YES_AGGRESSIVE;
				GCC_WARN_UNUSED_FUNCTION = YES;
				GCC_WARN_UNUSED_VARIABLE = YES;
				IPHONEOS_DEPLOYMENT_TARGET = 15.0;
				MTL_ENABLE_DEBUG_INFO = NO;
				MTL_FAST_MATH = YES;
				SDKROOT = iphoneos;
				SWIFT_COMPILATION_MODE = wholemodule;
				SWIFT_OPTIMIZATION_LEVEL = "-O";
				VALIDATE_PRODUCT = YES;
			};
			name = Release;
		};
		84300EC3283ED68200748D9E /* Debug */ = {
			isa = XCBuildConfiguration;
			buildSettings = {
				ASSETCATALOG_COMPILER_APPICON_NAME = AppIcon;
				ASSETCATALOG_COMPILER_GLOBAL_ACCENT_COLOR_NAME = AccentColor;
				CODE_SIGN_STYLE = Automatic;
				CURRENT_PROJECT_VERSION = 1;
				GENERATE_INFOPLIST_FILE = YES;
				INFOPLIST_FILE = FunZone/Info.plist;
				INFOPLIST_KEY_UIApplicationSupportsIndirectInputEvents = YES;
				INFOPLIST_KEY_UILaunchStoryboardName = LaunchScreen;
				INFOPLIST_KEY_UIMainStoryboardFile = Main;
				INFOPLIST_KEY_UISupportedInterfaceOrientations_iPad = "UIInterfaceOrientationPortrait UIInterfaceOrientationPortraitUpsideDown UIInterfaceOrientationLandscapeLeft UIInterfaceOrientationLandscapeRight";
				INFOPLIST_KEY_UISupportedInterfaceOrientations_iPhone = "UIInterfaceOrientationPortrait UIInterfaceOrientationLandscapeLeft UIInterfaceOrientationLandscapeRight";
				LD_RUNPATH_SEARCH_PATHS = (
					"$(inherited)",
					"@executable_path/Frameworks",
				);
				MARKETING_VERSION = 1.0;
				PRODUCT_BUNDLE_IDENTIFIER = Curts.FunZone;
				PRODUCT_NAME = "$(TARGET_NAME)";
				SWIFT_EMIT_LOC_STRINGS = YES;
				SWIFT_VERSION = 5.0;
				TARGETED_DEVICE_FAMILY = "1,2";
			};
			name = Debug;
		};
		84300EC4283ED68200748D9E /* Release */ = {
			isa = XCBuildConfiguration;
			buildSettings = {
				ASSETCATALOG_COMPILER_APPICON_NAME = AppIcon;
				ASSETCATALOG_COMPILER_GLOBAL_ACCENT_COLOR_NAME = AccentColor;
				CODE_SIGN_STYLE = Automatic;
				CURRENT_PROJECT_VERSION = 1;
				GENERATE_INFOPLIST_FILE = YES;
				INFOPLIST_FILE = FunZone/Info.plist;
				INFOPLIST_KEY_UIApplicationSupportsIndirectInputEvents = YES;
				INFOPLIST_KEY_UILaunchStoryboardName = LaunchScreen;
				INFOPLIST_KEY_UIMainStoryboardFile = Main;
				INFOPLIST_KEY_UISupportedInterfaceOrientations_iPad = "UIInterfaceOrientationPortrait UIInterfaceOrientationPortraitUpsideDown UIInterfaceOrientationLandscapeLeft UIInterfaceOrientationLandscapeRight";
				INFOPLIST_KEY_UISupportedInterfaceOrientations_iPhone = "UIInterfaceOrientationPortrait UIInterfaceOrientationLandscapeLeft UIInterfaceOrientationLandscapeRight";
				LD_RUNPATH_SEARCH_PATHS = (
					"$(inherited)",
					"@executable_path/Frameworks",
				);
				MARKETING_VERSION = 1.0;
				PRODUCT_BUNDLE_IDENTIFIER = Curts.FunZone;
				PRODUCT_NAME = "$(TARGET_NAME)";
				SWIFT_EMIT_LOC_STRINGS = YES;
				SWIFT_VERSION = 5.0;
				TARGETED_DEVICE_FAMILY = "1,2";
			};
			name = Release;
		};
/* End XCBuildConfiguration section */

/* Begin XCConfigurationList section */
		84300EA6283ED68000748D9E /* Build configuration list for PBXProject "FunZone" */ = {
			isa = XCConfigurationList;
			buildConfigurations = (
				84300EC0283ED68200748D9E /* Debug */,
				84300EC1283ED68200748D9E /* Release */,
			);
			defaultConfigurationIsVisible = 0;
			defaultConfigurationName = Release;
		};
		84300EC2283ED68200748D9E /* Build configuration list for PBXNativeTarget "FunZone" */ = {
			isa = XCConfigurationList;
			buildConfigurations = (
				84300EC3283ED68200748D9E /* Debug */,
				84300EC4283ED68200748D9E /* Release */,
			);
			defaultConfigurationIsVisible = 0;
			defaultConfigurationName = Release;
		};
/* End XCConfigurationList section */

/* Begin XCVersionGroup section */
		84300EB7283ED68000748D9E /* FunZone.xcdatamodeld */ = {
			isa = XCVersionGroup;
			children = (
				84300EB8283ED68000748D9E /* FunZone.xcdatamodel */,
			);
			currentVersion = 84300EB8283ED68000748D9E /* FunZone.xcdatamodel */;
			path = FunZone.xcdatamodeld;
			sourceTree = "<group>";
			versionGroupType = wrapper.xcdatamodel;
		};
/* End XCVersionGroup section */
	};
	rootObject = 84300EA3283ED68000748D9E /* Project object */;
}
